
Microsoft Visual Studio Solution File, Format Version 12.00
# Visual Studio Version 17
VisualStudioVersion = 17.7.34202.233
MinimumVisualStudioVersion = 10.0.40219.1
Project("{8BC9CEB8-8B4A-11D0-8D11-00A0C91BC942}") = "watching_variables", "watching_variables.vcxproj", "{EF6B0BC0-727A-4035-9B2E-D150FC190FCF}"
EndProject
Global
	GlobalSection(SolutionConfigurationPlatforms) = preSolution
		Debug|x64 = Debug|x64
		Debug|x86 = Debug|x86
		Release|x64 = Release|x64
		Release|x86 = Release|x86
	EndGlobalSection
	GlobalSection(ProjectConfigurationPlatforms) = postSolution
		{EF6B0BC0-727A-4035-9B2E-D150FC190FCF}.Debug|x64.ActiveCfg = Debug|x64
		{EF6B0BC0-727A-4035-9B2E-D150FC190FCF}.Debug|x64.Build.0 = Debug|x64
		{EF6B0BC0-727A-4035-9B2E-D150FC190FCF}.Debug|x86.ActiveCfg = Debug|Win32
		{EF6B0BC0-727A-4035-9B2E-D150FC190FCF}.Debug|x86.Build.0 = Debug|Win32
		{EF6B0BC0-727A-4035-9B2E-D150FC190FCF}.Release|x64.ActiveCfg = Release|x64
		{EF6B0BC0-727A-4035-9B2E-D150FC190FCF}.Release|x64.Build.0 = Release|x64
		{EF6B0BC0-727A-4035-9B2E-D150FC190FCF}.Release|x86.ActiveCfg = Release|Win32
		{EF6B0BC0-727A-4035-9B2E-D150FC190FCF}.Release|x86.Build.0 = Release|Win32
	EndGlobalSection
	GlobalSection(SolutionProperties) = preSolution
		HideSolutionNode = FALSE
	EndGlobalSection
	GlobalSection(ExtensibilityGlobals) = postSolution
		SolutionGuid = {CBD3F8E9-7BCB-4680-ADCF-1A572411B617}
	EndGlobalSection
EndGlobal
