
Microsoft Visual Studio Solution File, Format Version 12.00
# Visual Studio Version 17
VisualStudioVersion = 17.7.34202.233
MinimumVisualStudioVersion = 10.0.40219.1
Project("{8BC9CEB8-8B4A-11D0-8D11-00A0C91BC942}") = "int16", "int16.vcxproj", "{2C5FD043-A864-4AB6-BEBD-82F1FB44A07B}"
EndProject
Global
	GlobalSection(SolutionConfigurationPlatforms) = preSolution
		Debug|x64 = Debug|x64
		Debug|x86 = Debug|x86
		Release|x64 = Release|x64
		Release|x86 = Release|x86
	EndGlobalSection
	GlobalSection(ProjectConfigurationPlatforms) = postSolution
		{2C5FD043-A864-4AB6-BEBD-82F1FB44A07B}.Debug|x64.ActiveCfg = Debug|x64
		{2C5FD043-A864-4AB6-BEBD-82F1FB44A07B}.Debug|x64.Build.0 = Debug|x64
		{2C5FD043-A864-4AB6-BEBD-82F1FB44A07B}.Debug|x86.ActiveCfg = Debug|Win32
		{2C5FD043-A864-4AB6-BEBD-82F1FB44A07B}.Debug|x86.Build.0 = Debug|Win32
		{2C5FD043-A864-4AB6-BEBD-82F1FB44A07B}.Release|x64.ActiveCfg = Release|x64
		{2C5FD043-A864-4AB6-BEBD-82F1FB44A07B}.Release|x64.Build.0 = Release|x64
		{2C5FD043-A864-4AB6-BEBD-82F1FB44A07B}.Release|x86.ActiveCfg = Release|Win32
		{2C5FD043-A864-4AB6-BEBD-82F1FB44A07B}.Release|x86.Build.0 = Release|Win32
	EndGlobalSection
	GlobalSection(SolutionProperties) = preSolution
		HideSolutionNode = FALSE
	EndGlobalSection
	GlobalSection(ExtensibilityGlobals) = postSolution
		SolutionGuid = {D7707E9F-F780-4688-A352-BB499D04B2CC}
	EndGlobalSection
EndGlobal
